
Microsoft Visual Studio Solution File, Format Version 12.00
# Visual Studio 15
VisualStudioVersion = 15.0.26430.16
MinimumVisualStudioVersion = 10.0.40219.1
Project("{FAE04EC0-301F-11D3-BF4B-00C04F79EFBC}") = "Wagnerett", "Wagnerett\Wagnerett.csproj", "{F8194351-384D-4AF1-B3D3-2F0A06541AA4}"
EndProject
Project("{FAE04EC0-301F-11D3-BF4B-00C04F79EFBC}") = "DBLayer", "DBLayer\DBLayer.csproj", "{129BAE75-531D-4642-88BA-96AE257D55EF}"
EndProject
Project("{FAE04EC0-301F-11D3-BF4B-00C04F79EFBC}") = "APILayer", "APILayer\APILayer.csproj", "{B52B89EE-EAD1-496D-9578-0A5BFE31DFEC}"
EndProject
Project("{FAE04EC0-301F-11D3-BF4B-00C04F79EFBC}") = "DebugForm", "DebugForm\DebugForm.csproj", "{E9ADEB5B-C141-4E7C-9FAC-F1735A503BA8}"
EndProject
Global
	GlobalSection(SolutionConfigurationPlatforms) = preSolution
		Debug|Any CPU = Debug|Any CPU
		Release|Any CPU = Release|Any CPU
	EndGlobalSection
	GlobalSection(ProjectConfigurationPlatforms) = postSolution
		{F8194351-384D-4AF1-B3D3-2F0A06541AA4}.Debug|Any CPU.ActiveCfg = Debug|Any CPU
		{F8194351-384D-4AF1-B3D3-2F0A06541AA4}.Debug|Any CPU.Build.0 = Debug|Any CPU
		{F8194351-384D-4AF1-B3D3-2F0A06541AA4}.Release|Any CPU.ActiveCfg = Release|Any CPU
		{F8194351-384D-4AF1-B3D3-2F0A06541AA4}.Release|Any CPU.Build.0 = Release|Any CPU
		{129BAE75-531D-4642-88BA-96AE257D55EF}.Debug|Any CPU.ActiveCfg = Debug|Any CPU
		{129BAE75-531D-4642-88BA-96AE257D55EF}.Debug|Any CPU.Build.0 = Debug|Any CPU
		{129BAE75-531D-4642-88BA-96AE257D55EF}.Release|Any CPU.ActiveCfg = Release|Any CPU
		{129BAE75-531D-4642-88BA-96AE257D55EF}.Release|Any CPU.Build.0 = Release|Any CPU
		{B52B89EE-EAD1-496D-9578-0A5BFE31DFEC}.Debug|Any CPU.ActiveCfg = Debug|Any CPU
		{B52B89EE-EAD1-496D-9578-0A5BFE31DFEC}.Debug|Any CPU.Build.0 = Debug|Any CPU
		{B52B89EE-EAD1-496D-9578-0A5BFE31DFEC}.Release|Any CPU.ActiveCfg = Release|Any CPU
		{B52B89EE-EAD1-496D-9578-0A5BFE31DFEC}.Release|Any CPU.Build.0 = Release|Any CPU
		{E9ADEB5B-C141-4E7C-9FAC-F1735A503BA8}.Debug|Any CPU.ActiveCfg = Debug|Any CPU
		{E9ADEB5B-C141-4E7C-9FAC-F1735A503BA8}.Debug|Any CPU.Build.0 = Debug|Any CPU
		{E9ADEB5B-C141-4E7C-9FAC-F1735A503BA8}.Release|Any CPU.ActiveCfg = Release|Any CPU
		{E9ADEB5B-C141-4E7C-9FAC-F1735A503BA8}.Release|Any CPU.Build.0 = Release|Any CPU
	EndGlobalSection
	GlobalSection(SolutionProperties) = preSolution
		HideSolutionNode = FALSE
	EndGlobalSection
	GlobalSection(ExtensibilityGlobals) = postSolution
		SolutionGuid = {7CE51C4D-7B84-48AE-BCC2-8C6188A11373}
	EndGlobalSection
EndGlobal
